
Microsoft Visual Studio Solution File, Format Version 11.00
# Visual Studio 2010
Project("{FAE04EC0-301F-11D3-BF4B-00C04F79EFBC}") = "makegameone", "Assembly-CSharp.csproj", "{73276454-F02D-7A08-A591-F5349945120D}"
EndProject
Global
	GlobalSection(SolutionConfigurationPlatforms) = preSolution
		Debug|Any CPU = Debug|Any CPU
		Release|Any CPU = Release|Any CPU
	EndGlobalSection
	GlobalSection(ProjectConfigurationPlatforms) = postSolution
		{73276454-F02D-7A08-A591-F5349945120D}.Debug|Any CPU.ActiveCfg = Debug|Any CPU
		{73276454-F02D-7A08-A591-F5349945120D}.Debug|Any CPU.Build.0 = Debug|Any CPU
		{73276454-F02D-7A08-A591-F5349945120D}.Release|Any CPU.ActiveCfg = Release|Any CPU
		{73276454-F02D-7A08-A591-F5349945120D}.Release|Any CPU.Build.0 = Release|Any CPU
	EndGlobalSection
	GlobalSection(SolutionProperties) = preSolution
		HideSolutionNode = FALSE
	EndGlobalSection
	GlobalSection(MonoDevelopProperties) = preSolution
		StartupItem = Assembly-CSharp.csproj
	EndGlobalSection
EndGlobal
